{
  "name": "term-project-f24",
  "version": "1.0.0",
  "lockfileVersion": 3,
  "requires": true,
  "packages": {
    "": {
      "name": "term-project-f24",
      "version": "1.0.0",
      "license": "ISC",
      "dependencies": {
        "term-project-f24": "file:"
      }
    },
    "node_modules/term-project-f24": {
      "resolved": "",
      "link": true
    }
  }
}
